
Microsoft Visual Studio Solution File, Format Version 12.00
# Visual Studio Version 17
VisualStudioVersion = 17.6.33815.320
MinimumVisualStudioVersion = 10.0.40219.1
Project("{8BC9CEB8-8B4A-11D0-8D11-00A0C91BC942}") = "sp_pr1", "sp_pr1\sp_pr1.vcxproj", "{DA3FC6D8-B6A5-4C84-8CCD-94F994D8076E}"
EndProject
Project("{8BC9CEB8-8B4A-11D0-8D11-00A0C91BC942}") = "Simple", "Simple\Simple.vcxproj", "{B4EDA7AA-FD27-477D-A252-72EB629B6732}"
EndProject
Global
	GlobalSection(SolutionConfigurationPlatforms) = preSolution
		Debug|x64 = Debug|x64
		Debug|x86 = Debug|x86
		Release|x64 = Release|x64
		Release|x86 = Release|x86
	EndGlobalSection
	GlobalSection(ProjectConfigurationPlatforms) = postSolution
		{DA3FC6D8-B6A5-4C84-8CCD-94F994D8076E}.Debug|x64.ActiveCfg = Debug|x64
		{DA3FC6D8-B6A5-4C84-8CCD-94F994D8076E}.Debug|x64.Build.0 = Debug|x64
		{DA3FC6D8-B6A5-4C84-8CCD-94F994D8076E}.Debug|x86.ActiveCfg = Debug|Win32
		{DA3FC6D8-B6A5-4C84-8CCD-94F994D8076E}.Debug|x86.Build.0 = Debug|Win32
		{DA3FC6D8-B6A5-4C84-8CCD-94F994D8076E}.Release|x64.ActiveCfg = Release|x64
		{DA3FC6D8-B6A5-4C84-8CCD-94F994D8076E}.Release|x64.Build.0 = Release|x64
		{DA3FC6D8-B6A5-4C84-8CCD-94F994D8076E}.Release|x86.ActiveCfg = Release|Win32
		{DA3FC6D8-B6A5-4C84-8CCD-94F994D8076E}.Release|x86.Build.0 = Release|Win32
		{B4EDA7AA-FD27-477D-A252-72EB629B6732}.Debug|x64.ActiveCfg = Debug|x64
		{B4EDA7AA-FD27-477D-A252-72EB629B6732}.Debug|x64.Build.0 = Debug|x64
		{B4EDA7AA-FD27-477D-A252-72EB629B6732}.Debug|x86.ActiveCfg = Debug|Win32
		{B4EDA7AA-FD27-477D-A252-72EB629B6732}.Debug|x86.Build.0 = Debug|Win32
		{B4EDA7AA-FD27-477D-A252-72EB629B6732}.Release|x64.ActiveCfg = Release|x64
		{B4EDA7AA-FD27-477D-A252-72EB629B6732}.Release|x64.Build.0 = Release|x64
		{B4EDA7AA-FD27-477D-A252-72EB629B6732}.Release|x86.ActiveCfg = Release|Win32
		{B4EDA7AA-FD27-477D-A252-72EB629B6732}.Release|x86.Build.0 = Release|Win32
	EndGlobalSection
	GlobalSection(SolutionProperties) = preSolution
		HideSolutionNode = FALSE
	EndGlobalSection
	GlobalSection(ExtensibilityGlobals) = postSolution
		SolutionGuid = {751FAB79-E35B-40D1-8E7E-A2CE9717F3AF}
	EndGlobalSection
EndGlobal
